// !$*UTF8*$!
{
	archiveVersion = 1;
	classes = {
	};
	objectVersion = 55;
	objects = {

/* Begin PBXBuildFile section */
		CF18AECB280626DE0034B031 /* SwiftUIDogCardView.swift in Sources */ = {isa = PBXBuildFile; fileRef = CF18AECA280626DE0034B031 /* SwiftUIDogCardView.swift */; };
		CF18AED128070CA20034B031 /* DogAPIEntity.swift in Sources */ = {isa = PBXBuildFile; fileRef = CF18AED028070CA20034B031 /* DogAPIEntity.swift */; };
		CF18AED92807159E0034B031 /* Dog.swift in Sources */ = {isa = PBXBuildFile; fileRef = CF18AED82807159E0034B031 /* Dog.swift */; };
		CF18AEDC280716310034B031 /* DogDataSource.swift in Sources */ = {isa = PBXBuildFile; fileRef = CF18AEDB280716310034B031 /* DogDataSource.swift */; };
		CF18AEDF280717440034B031 /* DogApiImpl.swift in Sources */ = {isa = PBXBuildFile; fileRef = CF18AEDE280717440034B031 /* DogApiImpl.swift */; };
		CF18AEE3280719610034B031 /* Constants.swift in Sources */ = {isa = PBXBuildFile; fileRef = CF18AEE2280719610034B031 /* Constants.swift */; };
		CF18AEEA2807214F0034B031 /* DogRepository.swift in Sources */ = {isa = PBXBuildFile; fileRef = CF18AEE92807214F0034B031 /* DogRepository.swift */; };
		CF18AEED2807219C0034B031 /* DogRepositoryImpl.swift in Sources */ = {isa = PBXBuildFile; fileRef = CF18AEEC2807219C0034B031 /* DogRepositoryImpl.swift */; };
		CF18AEF2280723C40034B031 /* GetDogs.swift in Sources */ = {isa = PBXBuildFile; fileRef = CF18AEF1280723C40034B031 /* GetDogs.swift */; };
		CF18AEF9280724880034B031 /* DogListViewModel.swift in Sources */ = {isa = PBXBuildFile; fileRef = CF18AEF8280724880034B031 /* DogListViewModel.swift */; };
		CF18AEFC2807D7B10034B031 /* DogDBCoreDataImpl.swift in Sources */ = {isa = PBXBuildFile; fileRef = CF18AEFB2807D7B10034B031 /* DogDBCoreDataImpl.swift */; };
		CF18AEFF2807D8660034B031 /* Storable.swift in Sources */ = {isa = PBXBuildFile; fileRef = CF18AEFE2807D8660034B031 /* Storable.swift */; };
		CF18AF41280922FB0034B031 /* StorableDogRepositoryImpl.swift in Sources */ = {isa = PBXBuildFile; fileRef = CF18AF40280922FB0034B031 /* StorableDogRepositoryImpl.swift */; };
		CF18AF442809260C0034B031 /* PersistenceTypes.swift in Sources */ = {isa = PBXBuildFile; fileRef = CF18AF432809260C0034B031 /* PersistenceTypes.swift */; };
		CF18AF4828092A250034B031 /* RealmSwift in Frameworks */ = {isa = PBXBuildFile; productRef = CF18AF4728092A250034B031 /* RealmSwift */; };
		CF18AF4A28092A5F0034B031 /* DogDBRealmImpl.swift in Sources */ = {isa = PBXBuildFile; fileRef = CF18AF4928092A5F0034B031 /* DogDBRealmImpl.swift */; };
		CF18AF51280932040034B031 /* DogsTableViewController.swift in Sources */ = {isa = PBXBuildFile; fileRef = CF18AF4F280932030034B031 /* DogsTableViewController.swift */; };
		CF18AF5528093AD10034B031 /* DogTableViewCell.swift in Sources */ = {isa = PBXBuildFile; fileRef = CF18AF5328093AD10034B031 /* DogTableViewCell.swift */; };
		CF18AF5628093AD20034B031 /* DogTableViewCell.xib in Resources */ = {isa = PBXBuildFile; fileRef = CF18AF5428093AD10034B031 /* DogTableViewCell.xib */; };
		CF18AF58280953E40034B031 /* TitleView.swift in Sources */ = {isa = PBXBuildFile; fileRef = CF18AF57280953E40034B031 /* TitleView.swift */; };
		CF51B73228051CC8006A20E3 /* Tests_iOS.swift in Sources */ = {isa = PBXBuildFile; fileRef = CF51B73128051CC8006A20E3 /* Tests_iOS.swift */; };
		CF51B73428051CC8006A20E3 /* Tests_iOSLaunchTests.swift in Sources */ = {isa = PBXBuildFile; fileRef = CF51B73328051CC8006A20E3 /* Tests_iOSLaunchTests.swift */; };
		CF51B73E28051CC8006A20E3 /* Tests_macOS.swift in Sources */ = {isa = PBXBuildFile; fileRef = CF51B73D28051CC8006A20E3 /* Tests_macOS.swift */; };
		CF51B74028051CC8006A20E3 /* Tests_macOSLaunchTests.swift in Sources */ = {isa = PBXBuildFile; fileRef = CF51B73F28051CC8006A20E3 /* Tests_macOSLaunchTests.swift */; };
		CF51B74128051CC8006A20E3 /* DogsApp.xcdatamodeld in Sources */ = {isa = PBXBuildFile; fileRef = CF51B71628051CC6006A20E3 /* DogsApp.xcdatamodeld */; };
		CF51B74328051CC8006A20E3 /* DogsAppApp.swift in Sources */ = {isa = PBXBuildFile; fileRef = CF51B71828051CC6006A20E3 /* DogsAppApp.swift */; };
		CF51B74528051CC8006A20E3 /* ContentView.swift in Sources */ = {isa = PBXBuildFile; fileRef = CF51B71928051CC6006A20E3 /* ContentView.swift */; };
		CF51B74928051CC8006A20E3 /* Assets.xcassets in Resources */ = {isa = PBXBuildFile; fileRef = CF51B71B28051CC8006A20E3 /* Assets.xcassets */; };
		CF51B75F28051FF9006A20E3 /* DisplayTypes.swift in Sources */ = {isa = PBXBuildFile; fileRef = CF51B75E28051FF8006A20E3 /* DisplayTypes.swift */; };
		CF51B766280533C4006A20E3 /* DogItemView.swift in Sources */ = {isa = PBXBuildFile; fileRef = CF51B765280533C4006A20E3 /* DogItemView.swift */; };
		CFA860152805461D00A41B8F /* Color+Extension.swift in Sources */ = {isa = PBXBuildFile; fileRef = CFA860142805461D00A41B8F /* Color+Extension.swift */; };
		CFA8601A28054C1700A41B8F /* DogListView.swift in Sources */ = {isa = PBXBuildFile; fileRef = CFA8601928054C1700A41B8F /* DogListView.swift */; };
/* End PBXBuildFile section */

/* Begin PBXContainerItemProxy section */
		CF51B72E28051CC8006A20E3 /* PBXContainerItemProxy */ = {
			isa = PBXContainerItemProxy;
			containerPortal = CF51B71128051CC6006A20E3 /* Project object */;
			proxyType = 1;
			remoteGlobalIDString = CF51B71F28051CC8006A20E3;
			remoteInfo = "DogsApp (iOS)";
		};
/* End PBXContainerItemProxy section */

/* Begin PBXFileReference section */
		CF18AECA280626DE0034B031 /* SwiftUIDogCardView.swift */ = {isa = PBXFileReference; lastKnownFileType = sourcecode.swift; path = SwiftUIDogCardView.swift; sourceTree = "<group>"; };
		CF18AED028070CA20034B031 /* DogAPIEntity.swift */ = {isa = PBXFileReference; lastKnownFileType = sourcecode.swift; path = DogAPIEntity.swift; sourceTree = "<group>"; };
		CF18AED82807159E0034B031 /* Dog.swift */ = {isa = PBXFileReference; lastKnownFileType = sourcecode.swift; path = Dog.swift; sourceTree = "<group>"; };
		CF18AEDB280716310034B031 /* DogDataSource.swift */ = {isa = PBXFileReference; lastKnownFileType = sourcecode.swift; path = DogDataSource.swift; sourceTree = "<group>"; };
		CF18AEDE280717440034B031 /* DogApiImpl.swift */ = {isa = PBXFileReference; lastKnownFileType = sourcecode.swift; path = DogApiImpl.swift; sourceTree = "<group>"; };
		CF18AEE2280719610034B031 /* Constants.swift */ = {isa = PBXFileReference; lastKnownFileType = sourcecode.swift; path = Constants.swift; sourceTree = "<group>"; };
		CF18AEE92807214F0034B031 /* DogRepository.swift */ = {isa = PBXFileReference; lastKnownFileType = sourcecode.swift; path = DogRepository.swift; sourceTree = "<group>"; };
		CF18AEEC2807219C0034B031 /* DogRepositoryImpl.swift */ = {isa = PBXFileReference; lastKnownFileType = sourcecode.swift; path = DogRepositoryImpl.swift; sourceTree = "<group>"; };
		CF18AEF1280723C40034B031 /* GetDogs.swift */ = {isa = PBXFileReference; lastKnownFileType = sourcecode.swift; path = GetDogs.swift; sourceTree = "<group>"; };
		CF18AEF8280724880034B031 /* DogListViewModel.swift */ = {isa = PBXFileReference; lastKnownFileType = sourcecode.swift; path = DogListViewModel.swift; sourceTree = "<group>"; };
		CF18AEFB2807D7B10034B031 /* DogDBCoreDataImpl.swift */ = {isa = PBXFileReference; lastKnownFileType = sourcecode.swift; path = DogDBCoreDataImpl.swift; sourceTree = "<group>"; };
		CF18AEFE2807D8660034B031 /* Storable.swift */ = {isa = PBXFileReference; lastKnownFileType = sourcecode.swift; path = Storable.swift; sourceTree = "<group>"; };
		CF18AF40280922FB0034B031 /* StorableDogRepositoryImpl.swift */ = {isa = PBXFileReference; lastKnownFileType = sourcecode.swift; path = StorableDogRepositoryImpl.swift; sourceTree = "<group>"; };
		CF18AF432809260C0034B031 /* PersistenceTypes.swift */ = {isa = PBXFileReference; lastKnownFileType = sourcecode.swift; path = PersistenceTypes.swift; sourceTree = "<group>"; };
		CF18AF4928092A5F0034B031 /* DogDBRealmImpl.swift */ = {isa = PBXFileReference; lastKnownFileType = sourcecode.swift; path = DogDBRealmImpl.swift; sourceTree = "<group>"; };
		CF18AF4F280932030034B031 /* DogsTableViewController.swift */ = {isa = PBXFileReference; lastKnownFileType = sourcecode.swift; path = DogsTableViewController.swift; sourceTree = "<group>"; };
		CF18AF5328093AD10034B031 /* DogTableViewCell.swift */ = {isa = PBXFileReference; lastKnownFileType = sourcecode.swift; path = DogTableViewCell.swift; sourceTree = "<group>"; };
		CF18AF5428093AD10034B031 /* DogTableViewCell.xib */ = {isa = PBXFileReference; lastKnownFileType = file.xib; path = DogTableViewCell.xib; sourceTree = "<group>"; };
		CF18AF57280953E40034B031 /* TitleView.swift */ = {isa = PBXFileReference; lastKnownFileType = sourcecode.swift; path = TitleView.swift; sourceTree = "<group>"; };
		CF51B71728051CC6006A20E3 /* Shared.xcdatamodel */ = {isa = PBXFileReference; lastKnownFileType = wrapper.xcdatamodel; path = Shared.xcdatamodel; sourceTree = "<group>"; };
		CF51B71828051CC6006A20E3 /* DogsAppApp.swift */ = {isa = PBXFileReference; lastKnownFileType = sourcecode.swift; path = DogsAppApp.swift; sourceTree = "<group>"; };
		CF51B71928051CC6006A20E3 /* ContentView.swift */ = {isa = PBXFileReference; lastKnownFileType = sourcecode.swift; path = ContentView.swift; sourceTree = "<group>"; };
		CF51B71B28051CC8006A20E3 /* Assets.xcassets */ = {isa = PBXFileReference; lastKnownFileType = folder.assetcatalog; path = Assets.xcassets; sourceTree = "<group>"; };
		CF51B72028051CC8006A20E3 /* DogsApp.app */ = {isa = PBXFileReference; explicitFileType = wrapper.application; includeInIndex = 0; path = DogsApp.app; sourceTree = BUILT_PRODUCTS_DIR; };
		CF51B72828051CC8006A20E3 /* macOS.entitlements */ = {isa = PBXFileReference; lastKnownFileType = text.plist.entitlements; path = macOS.entitlements; sourceTree = "<group>"; };
		CF51B72D28051CC8006A20E3 /* Tests iOS.xctest */ = {isa = PBXFileReference; explicitFileType = wrapper.cfbundle; includeInIndex = 0; path = "Tests iOS.xctest"; sourceTree = BUILT_PRODUCTS_DIR; };
		CF51B73128051CC8006A20E3 /* Tests_iOS.swift */ = {isa = PBXFileReference; lastKnownFileType = sourcecode.swift; path = Tests_iOS.swift; sourceTree = "<group>"; };
		CF51B73328051CC8006A20E3 /* Tests_iOSLaunchTests.swift */ = {isa = PBXFileReference; lastKnownFileType = sourcecode.swift; path = Tests_iOSLaunchTests.swift; sourceTree = "<group>"; };
		CF51B73928051CC8006A20E3 /* Tests macOS.xctest */ = {isa = PBXFileReference; explicitFileType = wrapper.cfbundle; includeInIndex = 0; path = "Tests macOS.xctest"; sourceTree = BUILT_PRODUCTS_DIR; };
		CF51B73D28051CC8006A20E3 /* Tests_macOS.swift */ = {isa = PBXFileReference; lastKnownFileType = sourcecode.swift; path = Tests_macOS.swift; sourceTree = "<group>"; };
		CF51B73F28051CC8006A20E3 /* Tests_macOSLaunchTests.swift */ = {isa = PBXFileReference; lastKnownFileType = sourcecode.swift; path = Tests_macOSLaunchTests.swift; sourceTree = "<group>"; };
		CF51B75E28051FF8006A20E3 /* DisplayTypes.swift */ = {isa = PBXFileReference; lastKnownFileType = sourcecode.swift; path = DisplayTypes.swift; sourceTree = "<group>"; };
		CF51B765280533C4006A20E3 /* DogItemView.swift */ = {isa = PBXFileReference; lastKnownFileType = sourcecode.swift; path = DogItemView.swift; sourceTree = "<group>"; };
		CFA860142805461D00A41B8F /* Color+Extension.swift */ = {isa = PBXFileReference; lastKnownFileType = sourcecode.swift; path = "Color+Extension.swift"; sourceTree = "<group>"; };
		CFA8601928054C1700A41B8F /* DogListView.swift */ = {isa = PBXFileReference; lastKnownFileType = sourcecode.swift; path = DogListView.swift; sourceTree = "<group>"; };
/* End PBXFileReference section */

/* Begin PBXFrameworksBuildPhase section */
		CF51B71D28051CC8006A20E3 /* Frameworks */ = {
			isa = PBXFrameworksBuildPhase;
			buildActionMask = 2147483647;
			files = (
				CF18AF4828092A250034B031 /* RealmSwift in Frameworks */,
			);
			runOnlyForDeploymentPostprocessing = 0;
		};
		CF51B72A28051CC8006A20E3 /* Frameworks */ = {
			isa = PBXFrameworksBuildPhase;
			buildActionMask = 2147483647;
			files = (
			);
			runOnlyForDeploymentPostprocessing = 0;
		};
		CF51B73628051CC8006A20E3 /* Frameworks */ = {
			isa = PBXFrameworksBuildPhase;
			buildActionMask = 2147483647;
			files = (
			);
			runOnlyForDeploymentPostprocessing = 0;
		};
/* End PBXFrameworksBuildPhase section */

/* Begin PBXGroup section */
		CF18AECD2806622D0034B031 /* Core */ = {
			isa = PBXGroup;
			children = (
				CF51B75E28051FF8006A20E3 /* DisplayTypes.swift */,
				CF18AF432809260C0034B031 /* PersistenceTypes.swift */,
				CF18AEE2280719610034B031 /* Constants.swift */,
			);
			path = Core;
			sourceTree = "<group>";
		};
		CF18AECE2806623F0034B031 /* Domain */ = {
			isa = PBXGroup;
			children = (
				CF18AEEF280723A60034B031 /* UseCase */,
				CF18AEE82807213F0034B031 /* Repository */,
				CF18AECF280662790034B031 /* Model */,
			);
			path = Domain;
			sourceTree = "<group>";
		};
		CF18AECF280662790034B031 /* Model */ = {
			isa = PBXGroup;
			children = (
				CF18AED82807159E0034B031 /* Dog.swift */,
			);
			path = Model;
			sourceTree = "<group>";
		};
		CF18AED4280714CF0034B031 /* DataSource */ = {
			isa = PBXGroup;
			children = (
				CF18AED6280714FF0034B031 /* DB */,
				CF18AED5280714EF0034B031 /* API */,
				CF18AEDB280716310034B031 /* DogDataSource.swift */,
			);
			path = DataSource;
			sourceTree = "<group>";
		};
		CF18AED5280714EF0034B031 /* API */ = {
			isa = PBXGroup;
			children = (
				CF18AED7280715260034B031 /* Entity */,
				CF18AEDE280717440034B031 /* DogApiImpl.swift */,
			);
			path = API;
			sourceTree = "<group>";
		};
		CF18AED6280714FF0034B031 /* DB */ = {
			isa = PBXGroup;
			children = (
				CF18AEFB2807D7B10034B031 /* DogDBCoreDataImpl.swift */,
				CF18AF4928092A5F0034B031 /* DogDBRealmImpl.swift */,
				CF18AEFE2807D8660034B031 /* Storable.swift */,
			);
			path = DB;
			sourceTree = "<group>";
		};
		CF18AED7280715260034B031 /* Entity */ = {
			isa = PBXGroup;
			children = (
				CF18AED028070CA20034B031 /* DogAPIEntity.swift */,
			);
			path = Entity;
			sourceTree = "<group>";
		};
		CF18AEE82807213F0034B031 /* Repository */ = {
			isa = PBXGroup;
			children = (
				CF18AEE92807214F0034B031 /* DogRepository.swift */,
				CF18AEEC2807219C0034B031 /* DogRepositoryImpl.swift */,
				CF18AF40280922FB0034B031 /* StorableDogRepositoryImpl.swift */,
			);
			path = Repository;
			sourceTree = "<group>";
		};
		CF18AEEF280723A60034B031 /* UseCase */ = {
			isa = PBXGroup;
			children = (
				CF18AEF0280723B00034B031 /* Dog */,
			);
			path = UseCase;
			sourceTree = "<group>";
		};
		CF18AEF0280723B00034B031 /* Dog */ = {
			isa = PBXGroup;
			children = (
				CF18AEF1280723C40034B031 /* GetDogs.swift */,
			);
			path = Dog;
			sourceTree = "<group>";
		};
		CF18AEF42807244C0034B031 /* Presentation */ = {
			isa = PBXGroup;
			children = (
				CF18AEF5280724570034B031 /* Dog */,
			);
			path = Presentation;
			sourceTree = "<group>";
		};
		CF18AEF5280724570034B031 /* Dog */ = {
			isa = PBXGroup;
			children = (
				CF18AEF6280724610034B031 /* DogList */,
			);
			path = Dog;
			sourceTree = "<group>";
		};
		CF18AEF6280724610034B031 /* DogList */ = {
			isa = PBXGroup;
			children = (
				CF18AEF8280724880034B031 /* DogListViewModel.swift */,
			);
			path = DogList;
			sourceTree = "<group>";
		};
		CF51B71028051CC6006A20E3 = {
			isa = PBXGroup;
			children = (
				CF51B75928051D06006A20E3 /* iOS */,
				CF51B71528051CC6006A20E3 /* Shared */,
				CF51B72728051CC8006A20E3 /* macOS */,
				CF51B73028051CC8006A20E3 /* Tests iOS */,
				CF51B73C28051CC8006A20E3 /* Tests macOS */,
				CF51B72128051CC8006A20E3 /* Products */,
			);
			sourceTree = "<group>";
		};
		CF51B71528051CC6006A20E3 /* Shared */ = {
			isa = PBXGroup;
			children = (
				CF18AEF42807244C0034B031 /* Presentation */,
				CF18AECD2806622D0034B031 /* Core */,
				CF18AECE2806623F0034B031 /* Domain */,
				CFA860132805460000A41B8F /* Extensions */,
				CF51B7632805335A006A20E3 /* UI */,
				CF51B75C28051F1B006A20E3 /* Data */,
				CF51B71828051CC6006A20E3 /* DogsAppApp.swift */,
				CF51B71928051CC6006A20E3 /* ContentView.swift */,
				CF51B71B28051CC8006A20E3 /* Assets.xcassets */,
				CF51B71628051CC6006A20E3 /* DogsApp.xcdatamodeld */,
			);
			path = Shared;
			sourceTree = "<group>";
		};
		CF51B72128051CC8006A20E3 /* Products */ = {
			isa = PBXGroup;
			children = (
				CF51B72028051CC8006A20E3 /* DogsApp.app */,
				CF51B72D28051CC8006A20E3 /* Tests iOS.xctest */,
				CF51B73928051CC8006A20E3 /* Tests macOS.xctest */,
			);
			name = Products;
			sourceTree = "<group>";
		};
		CF51B72728051CC8006A20E3 /* macOS */ = {
			isa = PBXGroup;
			children = (
				CF51B72828051CC8006A20E3 /* macOS.entitlements */,
			);
			path = macOS;
			sourceTree = "<group>";
		};
		CF51B73028051CC8006A20E3 /* Tests iOS */ = {
			isa = PBXGroup;
			children = (
				CF51B73128051CC8006A20E3 /* Tests_iOS.swift */,
				CF51B73328051CC8006A20E3 /* Tests_iOSLaunchTests.swift */,
			);
			path = "Tests iOS";
			sourceTree = "<group>";
		};
		CF51B73C28051CC8006A20E3 /* Tests macOS */ = {
			isa = PBXGroup;
			children = (
				CF51B73D28051CC8006A20E3 /* Tests_macOS.swift */,
				CF51B73F28051CC8006A20E3 /* Tests_macOSLaunchTests.swift */,
			);
			path = "Tests macOS";
			sourceTree = "<group>";
		};
		CF51B75928051D06006A20E3 /* iOS */ = {
			isa = PBXGroup;
			children = (
			);
			path = iOS;
			sourceTree = "<group>";
		};
		CF51B75C28051F1B006A20E3 /* Data */ = {
			isa = PBXGroup;
			children = (
				CF18AED4280714CF0034B031 /* DataSource */,
			);
			path = Data;
			sourceTree = "<group>";
		};
		CF51B76128053335006A20E3 /* UIKit */ = {
			isa = PBXGroup;
			children = (
				CF18AF4F280932030034B031 /* DogsTableViewController.swift */,
				CF18AF5328093AD10034B031 /* DogTableViewCell.swift */,
				CF18AF5428093AD10034B031 /* DogTableViewCell.xib */,
			);
			path = UIKit;
			sourceTree = "<group>";
		};
		CF51B7622805334B006A20E3 /* SwiftUI */ = {
			isa = PBXGroup;
			children = (
				CF51B765280533C4006A20E3 /* DogItemView.swift */,
				CFA8601928054C1700A41B8F /* DogListView.swift */,
				CF18AECA280626DE0034B031 /* SwiftUIDogCardView.swift */,
				CF18AF57280953E40034B031 /* TitleView.swift */,
			);
			path = SwiftUI;
			sourceTree = "<group>";
		};
		CF51B7632805335A006A20E3 /* UI */ = {
			isa = PBXGroup;
			children = (
				CF51B7622805334B006A20E3 /* SwiftUI */,
				CF51B76128053335006A20E3 /* UIKit */,
			);
			path = UI;
			sourceTree = "<group>";
		};
		CFA860132805460000A41B8F /* Extensions */ = {
			isa = PBXGroup;
			children = (
				CFA860142805461D00A41B8F /* Color+Extension.swift */,
			);
			path = Extensions;
			sourceTree = "<group>";
		};
/* End PBXGroup section */

/* Begin PBXNativeTarget section */
		CF51B71F28051CC8006A20E3 /* DogsApp (iOS) */ = {
			isa = PBXNativeTarget;
			buildConfigurationList = CF51B74D28051CC8006A20E3 /* Build configuration list for PBXNativeTarget "DogsApp (iOS)" */;
			buildPhases = (
				CF51B71C28051CC8006A20E3 /* Sources */,
				CF51B71D28051CC8006A20E3 /* Frameworks */,
				CF51B71E28051CC8006A20E3 /* Resources */,
			);
			buildRules = (
			);
			dependencies = (
			);
			name = "DogsApp (iOS)";
			packageProductDependencies = (
				CF18AF4728092A250034B031 /* RealmSwift */,
			);
			productName = "DogsApp (iOS)";
			productReference = CF51B72028051CC8006A20E3 /* DogsApp.app */;
			productType = "com.apple.product-type.application";
		};
		CF51B72C28051CC8006A20E3 /* Tests iOS */ = {
			isa = PBXNativeTarget;
			buildConfigurationList = CF51B75328051CC8006A20E3 /* Build configuration list for PBXNativeTarget "Tests iOS" */;
			buildPhases = (
				CF51B72928051CC8006A20E3 /* Sources */,
				CF51B72A28051CC8006A20E3 /* Frameworks */,
				CF51B72B28051CC8006A20E3 /* Resources */,
			);
			buildRules = (
			);
			dependencies = (
				CF51B72F28051CC8006A20E3 /* PBXTargetDependency */,
			);
			name = "Tests iOS";
			productName = "Tests iOS";
			productReference = CF51B72D28051CC8006A20E3 /* Tests iOS.xctest */;
			productType = "com.apple.product-type.bundle.ui-testing";
		};
		CF51B73828051CC8006A20E3 /* Tests macOS */ = {
			isa = PBXNativeTarget;
			buildConfigurationList = CF51B75628051CC8006A20E3 /* Build configuration list for PBXNativeTarget "Tests macOS" */;
			buildPhases = (
				CF51B73528051CC8006A20E3 /* Sources */,
				CF51B73628051CC8006A20E3 /* Frameworks */,
				CF51B73728051CC8006A20E3 /* Resources */,
			);
			buildRules = (
			);
			dependencies = (
			);
			name = "Tests macOS";
			productName = "Tests macOS";
			productReference = CF51B73928051CC8006A20E3 /* Tests macOS.xctest */;
			productType = "com.apple.product-type.bundle.ui-testing";
		};
/* End PBXNativeTarget section */

/* Begin PBXProject section */
		CF51B71128051CC6006A20E3 /* Project object */ = {
			isa = PBXProject;
			attributes = {
				BuildIndependentTargetsInParallel = 1;
				LastSwiftUpdateCheck = 1330;
				LastUpgradeCheck = 1330;
				TargetAttributes = {
					CF51B71F28051CC8006A20E3 = {
						CreatedOnToolsVersion = 13.3;
					};
					CF51B72C28051CC8006A20E3 = {
						CreatedOnToolsVersion = 13.3;
						TestTargetID = CF51B71F28051CC8006A20E3;
					};
					CF51B73828051CC8006A20E3 = {
						CreatedOnToolsVersion = 13.3;
						TestTargetID = CF51B72528051CC8006A20E3;
					};
				};
			};
			buildConfigurationList = CF51B71428051CC6006A20E3 /* Build configuration list for PBXProject "DogsApp" */;
			compatibilityVersion = "Xcode 13.0";
			developmentRegion = en;
			hasScannedForEncodings = 0;
			knownRegions = (
				en,
				Base,
			);
			mainGroup = CF51B71028051CC6006A20E3;
			packageReferences = (
				CF18AF4628092A250034B031 /* XCRemoteSwiftPackageReference "realm-swift" */,
			);
			productRefGroup = CF51B72128051CC8006A20E3 /* Products */;
			projectDirPath = "";
			projectRoot = "";
			targets = (
				CF51B71F28051CC8006A20E3 /* DogsApp (iOS) */,
				CF51B72C28051CC8006A20E3 /* Tests iOS */,
				CF51B73828051CC8006A20E3 /* Tests macOS */,
			);
		};
/* End PBXProject section */

/* Begin PBXResourcesBuildPhase section */
		CF51B71E28051CC8006A20E3 /* Resources */ = {
			isa = PBXResourcesBuildPhase;
			buildActionMask = 2147483647;
			files = (
				CF18AF5628093AD20034B031 /* DogTableViewCell.xib in Resources */,
				CF51B74928051CC8006A20E3 /* Assets.xcassets in Resources */,
			);
			runOnlyForDeploymentPostprocessing = 0;
		};
		CF51B72B28051CC8006A20E3 /* Resources */ = {
			isa = PBXResourcesBuildPhase;
			buildActionMask = 2147483647;
			files = (
			);
			runOnlyForDeploymentPostprocessing = 0;
		};
		CF51B73728051CC8006A20E3 /* Resources */ = {
			isa = PBXResourcesBuildPhase;
			buildActionMask = 2147483647;
			files = (
			);
			runOnlyForDeploymentPostprocessing = 0;
		};
/* End PBXResourcesBuildPhase section */

/* Begin PBXSourcesBuildPhase section */
		CF51B71C28051CC8006A20E3 /* Sources */ = {
			isa = PBXSourcesBuildPhase;
			buildActionMask = 2147483647;
			files = (
				CF18AEDF280717440034B031 /* DogApiImpl.swift in Sources */,
				CF18AEFF2807D8660034B031 /* Storable.swift in Sources */,
				CFA860152805461D00A41B8F /* Color+Extension.swift in Sources */,
				CF51B766280533C4006A20E3 /* DogItemView.swift in Sources */,
				CF51B74328051CC8006A20E3 /* DogsAppApp.swift in Sources */,
				CFA8601A28054C1700A41B8F /* DogListView.swift in Sources */,
				CF18AED92807159E0034B031 /* Dog.swift in Sources */,
				CF18AEEA2807214F0034B031 /* DogRepository.swift in Sources */,
				CF18AEFC2807D7B10034B031 /* DogDBCoreDataImpl.swift in Sources */,
				CF51B74128051CC8006A20E3 /* DogsApp.xcdatamodeld in Sources */,
				CF18AEF9280724880034B031 /* DogListViewModel.swift in Sources */,
				CF18AF41280922FB0034B031 /* StorableDogRepositoryImpl.swift in Sources */,
				CF18AEDC280716310034B031 /* DogDataSource.swift in Sources */,
				CF51B75F28051FF9006A20E3 /* DisplayTypes.swift in Sources */,
				CF18AF58280953E40034B031 /* TitleView.swift in Sources */,
				CF18AECB280626DE0034B031 /* SwiftUIDogCardView.swift in Sources */,
				CF18AEF2280723C40034B031 /* GetDogs.swift in Sources */,
				CF18AED128070CA20034B031 /* DogAPIEntity.swift in Sources */,
				CF18AEE3280719610034B031 /* Constants.swift in Sources */,
				CF18AEED2807219C0034B031 /* DogRepositoryImpl.swift in Sources */,
				CF18AF51280932040034B031 /* DogsTableViewController.swift in Sources */,
				CF51B74528051CC8006A20E3 /* ContentView.swift in Sources */,
				CF18AF5528093AD10034B031 /* DogTableViewCell.swift in Sources */,
				CF18AF4A28092A5F0034B031 /* DogDBRealmImpl.swift in Sources */,
				CF18AF442809260C0034B031 /* PersistenceTypes.swift in Sources */,
			);
			runOnlyForDeploymentPostprocessing = 0;
		};
		CF51B72928051CC8006A20E3 /* Sources */ = {
			isa = PBXSourcesBuildPhase;
			buildActionMask = 2147483647;
			files = (
				CF51B73428051CC8006A20E3 /* Tests_iOSLaunchTests.swift in Sources */,
				CF51B73228051CC8006A20E3 /* Tests_iOS.swift in Sources */,
			);
			runOnlyForDeploymentPostprocessing = 0;
		};
		CF51B73528051CC8006A20E3 /* Sources */ = {
			isa = PBXSourcesBuildPhase;
			buildActionMask = 2147483647;
			files = (
				CF51B74028051CC8006A20E3 /* Tests_macOSLaunchTests.swift in Sources */,
				CF51B73E28051CC8006A20E3 /* Tests_macOS.swift in Sources */,
			);
			runOnlyForDeploymentPostprocessing = 0;
		};
/* End PBXSourcesBuildPhase section */

/* Begin PBXTargetDependency section */
		CF51B72F28051CC8006A20E3 /* PBXTargetDependency */ = {
			isa = PBXTargetDependency;
			target = CF51B71F28051CC8006A20E3 /* DogsApp (iOS) */;
			targetProxy = CF51B72E28051CC8006A20E3 /* PBXContainerItemProxy */;
		};
/* End PBXTargetDependency section */

/* Begin XCBuildConfiguration section */
		CF51B74B28051CC8006A20E3 /* Debug */ = {
			isa = XCBuildConfiguration;
			buildSettings = {
				ALWAYS_SEARCH_USER_PATHS = NO;
				CLANG_ANALYZER_NONNULL = YES;
				CLANG_ANALYZER_NUMBER_OBJECT_CONVERSION = YES_AGGRESSIVE;
				CLANG_CXX_LANGUAGE_STANDARD = "gnu++17";
				CLANG_ENABLE_MODULES = YES;
				CLANG_ENABLE_OBJC_ARC = YES;
				CLANG_ENABLE_OBJC_WEAK = YES;
				CLANG_WARN_BLOCK_CAPTURE_AUTORELEASING = YES;
				CLANG_WARN_BOOL_CONVERSION = YES;
				CLANG_WARN_COMMA = YES;
				CLANG_WARN_CONSTANT_CONVERSION = YES;
				CLANG_WARN_DEPRECATED_OBJC_IMPLEMENTATIONS = YES;
				CLANG_WARN_DIRECT_OBJC_ISA_USAGE = YES_ERROR;
				CLANG_WARN_DOCUMENTATION_COMMENTS = YES;
				CLANG_WARN_EMPTY_BODY = YES;
				CLANG_WARN_ENUM_CONVERSION = YES;
				CLANG_WARN_INFINITE_RECURSION = YES;
				CLANG_WARN_INT_CONVERSION = YES;
				CLANG_WARN_NON_LITERAL_NULL_CONVERSION = YES;
				CLANG_WARN_OBJC_IMPLICIT_RETAIN_SELF = YES;
				CLANG_WARN_OBJC_LITERAL_CONVERSION = YES;
				CLANG_WARN_OBJC_ROOT_CLASS = YES_ERROR;
				CLANG_WARN_QUOTED_INCLUDE_IN_FRAMEWORK_HEADER = YES;
				CLANG_WARN_RANGE_LOOP_ANALYSIS = YES;
				CLANG_WARN_STRICT_PROTOTYPES = YES;
				CLANG_WARN_SUSPICIOUS_MOVE = YES;
				CLANG_WARN_UNGUARDED_AVAILABILITY = YES_AGGRESSIVE;
				CLANG_WARN_UNREACHABLE_CODE = YES;
				CLANG_WARN__DUPLICATE_METHOD_MATCH = YES;
				COPY_PHASE_STRIP = NO;
				DEBUG_INFORMATION_FORMAT = dwarf;
				ENABLE_STRICT_OBJC_MSGSEND = YES;
				ENABLE_TESTABILITY = YES;
				GCC_C_LANGUAGE_STANDARD = gnu11;
				GCC_DYNAMIC_NO_PIC = NO;
				GCC_NO_COMMON_BLOCKS = YES;
				GCC_OPTIMIZATION_LEVEL = 0;
				GCC_PREPROCESSOR_DEFINITIONS = (
					"DEBUG=1",
					"$(inherited)",
				);
				GCC_WARN_64_TO_32_BIT_CONVERSION = YES;
				GCC_WARN_ABOUT_RETURN_TYPE = YES_ERROR;
				GCC_WARN_UNDECLARED_SELECTOR = YES;
				GCC_WARN_UNINITIALIZED_AUTOS = YES_AGGRESSIVE;
				GCC_WARN_UNUSED_FUNCTION = YES;
				GCC_WARN_UNUSED_VARIABLE = YES;
				MTL_ENABLE_DEBUG_INFO = INCLUDE_SOURCE;
				MTL_FAST_MATH = YES;
				ONLY_ACTIVE_ARCH = YES;
				SWIFT_ACTIVE_COMPILATION_CONDITIONS = DEBUG;
				SWIFT_OPTIMIZATION_LEVEL = "-Onone";
			};
			name = Debug;
		};
		CF51B74C28051CC8006A20E3 /* Release */ = {
			isa = XCBuildConfiguration;
			buildSettings = {
				ALWAYS_SEARCH_USER_PATHS = NO;
				CLANG_ANALYZER_NONNULL = YES;
				CLANG_ANALYZER_NUMBER_OBJECT_CONVERSION = YES_AGGRESSIVE;
				CLANG_CXX_LANGUAGE_STANDARD = "gnu++17";
				CLANG_ENABLE_MODULES = YES;
				CLANG_ENABLE_OBJC_ARC = YES;
				CLANG_ENABLE_OBJC_WEAK = YES;
				CLANG_WARN_BLOCK_CAPTURE_AUTORELEASING = YES;
				CLANG_WARN_BOOL_CONVERSION = YES;
				CLANG_WARN_COMMA = YES;
				CLANG_WARN_CONSTANT_CONVERSION = YES;
				CLANG_WARN_DEPRECATED_OBJC_IMPLEMENTATIONS = YES;
				CLANG_WARN_DIRECT_OBJC_ISA_USAGE = YES_ERROR;
				CLANG_WARN_DOCUMENTATION_COMMENTS = YES;
				CLANG_WARN_EMPTY_BODY = YES;
				CLANG_WARN_ENUM_CONVERSION = YES;
				CLANG_WARN_INFINITE_RECURSION = YES;
				CLANG_WARN_INT_CONVERSION = YES;
				CLANG_WARN_NON_LITERAL_NULL_CONVERSION = YES;
				CLANG_WARN_OBJC_IMPLICIT_RETAIN_SELF = YES;
				CLANG_WARN_OBJC_LITERAL_CONVERSION = YES;
				CLANG_WARN_OBJC_ROOT_CLASS = YES_ERROR;
				CLANG_WARN_QUOTED_INCLUDE_IN_FRAMEWORK_HEADER = YES;
				CLANG_WARN_RANGE_LOOP_ANALYSIS = YES;
				CLANG_WARN_STRICT_PROTOTYPES = YES;
				CLANG_WARN_SUSPICIOUS_MOVE = YES;
				CLANG_WARN_UNGUARDED_AVAILABILITY = YES_AGGRESSIVE;
				CLANG_WARN_UNREACHABLE_CODE = YES;
				CLANG_WARN__DUPLICATE_METHOD_MATCH = YES;
				COPY_PHASE_STRIP = NO;
				DEBUG_INFORMATION_FORMAT = "dwarf-with-dsym";
				ENABLE_NS_ASSERTIONS = NO;
				ENABLE_STRICT_OBJC_MSGSEND = YES;
				GCC_C_LANGUAGE_STANDARD = gnu11;
				GCC_NO_COMMON_BLOCKS = YES;
				GCC_WARN_64_TO_32_BIT_CONVERSION = YES;
				GCC_WARN_ABOUT_RETURN_TYPE = YES_ERROR;
				GCC_WARN_UNDECLARED_SELECTOR = YES;
				GCC_WARN_UNINITIALIZED_AUTOS = YES_AGGRESSIVE;
				GCC_WARN_UNUSED_FUNCTION = YES;
				GCC_WARN_UNUSED_VARIABLE = YES;
				MTL_ENABLE_DEBUG_INFO = NO;
				MTL_FAST_MATH = YES;
				SWIFT_COMPILATION_MODE = wholemodule;
				SWIFT_OPTIMIZATION_LEVEL = "-O";
			};
			name = Release;
		};
		CF51B74E28051CC8006A20E3 /* Debug */ = {
			isa = XCBuildConfiguration;
			buildSettings = {
				ASSETCATALOG_COMPILER_APPICON_NAME = AppIcon;
				ASSETCATALOG_COMPILER_GLOBAL_ACCENT_COLOR_NAME = AccentColor;
				CODE_SIGN_STYLE = Automatic;
				CURRENT_PROJECT_VERSION = 1;
				DEVELOPMENT_TEAM = 8QFWQ47ZQW;
				ENABLE_PREVIEWS = YES;
				GENERATE_INFOPLIST_FILE = YES;
				INFOPLIST_KEY_UIApplicationSceneManifest_Generation = YES;
				INFOPLIST_KEY_UIApplicationSupportsIndirectInputEvents = YES;
				INFOPLIST_KEY_UILaunchScreen_Generation = YES;
				INFOPLIST_KEY_UISupportedInterfaceOrientations_iPad = "UIInterfaceOrientationPortrait UIInterfaceOrientationPortraitUpsideDown UIInterfaceOrientationLandscapeLeft UIInterfaceOrientationLandscapeRight";
				INFOPLIST_KEY_UISupportedInterfaceOrientations_iPhone = "UIInterfaceOrientationPortrait UIInterfaceOrientationLandscapeLeft UIInterfaceOrientationLandscapeRight";
				INFOPLIST_KEY_UIUserInterfaceStyle = Light;
				IPHONEOS_DEPLOYMENT_TARGET = 15.3;
				LD_RUNPATH_SEARCH_PATHS = (
					"$(inherited)",
					"@executable_path/Frameworks",
				);
				MARKETING_VERSION = 1.0;
				PRODUCT_BUNDLE_IDENTIFIER = com.jfdev.DogsApp;
				PRODUCT_NAME = DogsApp;
				SDKROOT = iphoneos;
				SWIFT_EMIT_LOC_STRINGS = YES;
				SWIFT_VERSION = 5.0;
				TARGETED_DEVICE_FAMILY = "1,2";
			};
			name = Debug;
		};
		CF51B74F28051CC8006A20E3 /* Release */ = {
			isa = XCBuildConfiguration;
			buildSettings = {
				ASSETCATALOG_COMPILER_APPICON_NAME = AppIcon;
				ASSETCATALOG_COMPILER_GLOBAL_ACCENT_COLOR_NAME = AccentColor;
				CODE_SIGN_STYLE = Automatic;
				CURRENT_PROJECT_VERSION = 1;
				DEVELOPMENT_TEAM = 8QFWQ47ZQW;
				ENABLE_PREVIEWS = YES;
				GENERATE_INFOPLIST_FILE = YES;
				INFOPLIST_KEY_UIApplicationSceneManifest_Generation = YES;
				INFOPLIST_KEY_UIApplicationSupportsIndirectInputEvents = YES;
				INFOPLIST_KEY_UILaunchScreen_Generation = YES;
				INFOPLIST_KEY_UISupportedInterfaceOrientations_iPad = "UIInterfaceOrientationPortrait UIInterfaceOrientationPortraitUpsideDown UIInterfaceOrientationLandscapeLeft UIInterfaceOrientationLandscapeRight";
				INFOPLIST_KEY_UISupportedInterfaceOrientations_iPhone = "UIInterfaceOrientationPortrait UIInterfaceOrientationLandscapeLeft UIInterfaceOrientationLandscapeRight";
				INFOPLIST_KEY_UIUserInterfaceStyle = Light;
				IPHONEOS_DEPLOYMENT_TARGET = 15.3;
				LD_RUNPATH_SEARCH_PATHS = (
					"$(inherited)",
					"@executable_path/Frameworks",
				);
				MARKETING_VERSION = 1.0;
				PRODUCT_BUNDLE_IDENTIFIER = com.jfdev.DogsApp;
				PRODUCT_NAME = DogsApp;
				SDKROOT = iphoneos;
				SWIFT_EMIT_LOC_STRINGS = YES;
				SWIFT_VERSION = 5.0;
				TARGETED_DEVICE_FAMILY = "1,2";
				VALIDATE_PRODUCT = YES;
			};
			name = Release;
		};
		CF51B75428051CC8006A20E3 /* Debug */ = {
			isa = XCBuildConfiguration;
			buildSettings = {
				ALWAYS_EMBED_SWIFT_STANDARD_LIBRARIES = YES;
				CODE_SIGN_STYLE = Automatic;
				CURRENT_PROJECT_VERSION = 1;
				DEVELOPMENT_TEAM = 8QFWQ47ZQW;
				GENERATE_INFOPLIST_FILE = YES;
				IPHONEOS_DEPLOYMENT_TARGET = 15.4;
				MARKETING_VERSION = 1.0;
				PRODUCT_BUNDLE_IDENTIFIER = "com.jfdev.Tests-iOS";
				PRODUCT_NAME = "$(TARGET_NAME)";
				SDKROOT = iphoneos;
				SWIFT_EMIT_LOC_STRINGS = NO;
				SWIFT_VERSION = 5.0;
				TARGETED_DEVICE_FAMILY = "1,2";
				TEST_TARGET_NAME = "DogsApp (iOS)";
			};
			name = Debug;
		};
		CF51B75528051CC8006A20E3 /* Release */ = {
			isa = XCBuildConfiguration;
			buildSettings = {
				ALWAYS_EMBED_SWIFT_STANDARD_LIBRARIES = YES;
				CODE_SIGN_STYLE = Automatic;
				CURRENT_PROJECT_VERSION = 1;
				DEVELOPMENT_TEAM = 8QFWQ47ZQW;
				GENERATE_INFOPLIST_FILE = YES;
				IPHONEOS_DEPLOYMENT_TARGET = 15.4;
				MARKETING_VERSION = 1.0;
				PRODUCT_BUNDLE_IDENTIFIER = "com.jfdev.Tests-iOS";
				PRODUCT_NAME = "$(TARGET_NAME)";
				SDKROOT = iphoneos;
				SWIFT_EMIT_LOC_STRINGS = NO;
				SWIFT_VERSION = 5.0;
				TARGETED_DEVICE_FAMILY = "1,2";
				TEST_TARGET_NAME = "DogsApp (iOS)";
				VALIDATE_PRODUCT = YES;
			};
			name = Release;
		};
		CF51B75728051CC8006A20E3 /* Debug */ = {
			isa = XCBuildConfiguration;
			buildSettings = {
				ALWAYS_EMBED_SWIFT_STANDARD_LIBRARIES = YES;
				CODE_SIGN_STYLE = Automatic;
				CURRENT_PROJECT_VERSION = 1;
				DEVELOPMENT_TEAM = 8QFWQ47ZQW;
				GENERATE_INFOPLIST_FILE = YES;
				MACOSX_DEPLOYMENT_TARGET = 12.2;
				MARKETING_VERSION = 1.0;
				PRODUCT_BUNDLE_IDENTIFIER = "com.jfdev.Tests-macOS";
				PRODUCT_NAME = "$(TARGET_NAME)";
				SDKROOT = macosx;
				SWIFT_EMIT_LOC_STRINGS = NO;
				SWIFT_VERSION = 5.0;
				TEST_TARGET_NAME = "DogsApp (macOS)";
			};
			name = Debug;
		};
		CF51B75828051CC8006A20E3 /* Release */ = {
			isa = XCBuildConfiguration;
			buildSettings = {
				ALWAYS_EMBED_SWIFT_STANDARD_LIBRARIES = YES;
				CODE_SIGN_STYLE = Automatic;
				CURRENT_PROJECT_VERSION = 1;
				DEVELOPMENT_TEAM = 8QFWQ47ZQW;
				GENERATE_INFOPLIST_FILE = YES;
				MACOSX_DEPLOYMENT_TARGET = 12.2;
				MARKETING_VERSION = 1.0;
				PRODUCT_BUNDLE_IDENTIFIER = "com.jfdev.Tests-macOS";
				PRODUCT_NAME = "$(TARGET_NAME)";
				SDKROOT = macosx;
				SWIFT_EMIT_LOC_STRINGS = NO;
				SWIFT_VERSION = 5.0;
				TEST_TARGET_NAME = "DogsApp (macOS)";
			};
			name = Release;
		};
/* End XCBuildConfiguration section */

/* Begin XCConfigurationList section */
		CF51B71428051CC6006A20E3 /* Build configuration list for PBXProject "DogsApp" */ = {
			isa = XCConfigurationList;
			buildConfigurations = (
				CF51B74B28051CC8006A20E3 /* Debug */,
				CF51B74C28051CC8006A20E3 /* Release */,
			);
			defaultConfigurationIsVisible = 0;
			defaultConfigurationName = Release;
		};
		CF51B74D28051CC8006A20E3 /* Build configuration list for PBXNativeTarget "DogsApp (iOS)" */ = {
			isa = XCConfigurationList;
			buildConfigurations = (
				CF51B74E28051CC8006A20E3 /* Debug */,
				CF51B74F28051CC8006A20E3 /* Release */,
			);
			defaultConfigurationIsVisible = 0;
			defaultConfigurationName = Release;
		};
		CF51B75328051CC8006A20E3 /* Build configuration list for PBXNativeTarget "Tests iOS" */ = {
			isa = XCConfigurationList;
			buildConfigurations = (
				CF51B75428051CC8006A20E3 /* Debug */,
				CF51B75528051CC8006A20E3 /* Release */,
			);
			defaultConfigurationIsVisible = 0;
			defaultConfigurationName = Release;
		};
		CF51B75628051CC8006A20E3 /* Build configuration list for PBXNativeTarget "Tests macOS" */ = {
			isa = XCConfigurationList;
			buildConfigurations = (
				CF51B75728051CC8006A20E3 /* Debug */,
				CF51B75828051CC8006A20E3 /* Release */,
			);
			defaultConfigurationIsVisible = 0;
			defaultConfigurationName = Release;
		};
/* End XCConfigurationList section */

/* Begin XCRemoteSwiftPackageReference section */
		CF18AF4628092A250034B031 /* XCRemoteSwiftPackageReference "realm-swift" */ = {
			isa = XCRemoteSwiftPackageReference;
			repositoryURL = "https://github.com/realm/realm-swift.git";
			requirement = {
				kind = exactVersion;
				version = 10.19.0;
			};
		};
/* End XCRemoteSwiftPackageReference section */

/* Begin XCSwiftPackageProductDependency section */
		CF18AF4728092A250034B031 /* RealmSwift */ = {
			isa = XCSwiftPackageProductDependency;
			package = CF18AF4628092A250034B031 /* XCRemoteSwiftPackageReference "realm-swift" */;
			productName = RealmSwift;
		};
/* End XCSwiftPackageProductDependency section */

/* Begin XCVersionGroup section */
		CF51B71628051CC6006A20E3 /* DogsApp.xcdatamodeld */ = {
			isa = XCVersionGroup;
			children = (
				CF51B71728051CC6006A20E3 /* Shared.xcdatamodel */,
			);
			currentVersion = CF51B71728051CC6006A20E3 /* Shared.xcdatamodel */;
			path = DogsApp.xcdatamodeld;
			sourceTree = "<group>";
			versionGroupType = wrapper.xcdatamodel;
		};
/* End XCVersionGroup section */
	};
	rootObject = CF51B71128051CC6006A20E3 /* Project object */;
}
